
Microsoft Visual Studio Solution File, Format Version 12.00
# Visual Studio Version 17
VisualStudioVersion = 17.11.35312.102
MinimumVisualStudioVersion = 10.0.40219.1
Project("{FAE04EC0-301F-11D3-BF4B-00C04F79EFBC}") = "Tic Tac Toe MK2", "Tic Tac Toe MK2\Tic Tac Toe MK2.csproj", "{63970A01-791F-4527-A470-B287ACB05A82}"
EndProject
Global
	GlobalSection(SolutionConfigurationPlatforms) = preSolution
		Debug|Any CPU = Debug|Any CPU
		Release|Any CPU = Release|Any CPU
	EndGlobalSection
	GlobalSection(ProjectConfigurationPlatforms) = postSolution
		{63970A01-791F-4527-A470-B287ACB05A82}.Debug|Any CPU.ActiveCfg = Debug|Any CPU
		{63970A01-791F-4527-A470-B287ACB05A82}.Debug|Any CPU.Build.0 = Debug|Any CPU
		{63970A01-791F-4527-A470-B287ACB05A82}.Release|Any CPU.ActiveCfg = Release|Any CPU
		{63970A01-791F-4527-A470-B287ACB05A82}.Release|Any CPU.Build.0 = Release|Any CPU
	EndGlobalSection
	GlobalSection(SolutionProperties) = preSolution
		HideSolutionNode = FALSE
	EndGlobalSection
	GlobalSection(ExtensibilityGlobals) = postSolution
		SolutionGuid = {4BE37D77-4BCF-4528-B984-972BF3A3A604}
	EndGlobalSection
EndGlobal
